
Microsoft Visual Studio Solution File, Format Version 12.00
# Visual Studio 2013
VisualStudioVersion = 12.0.21005.1
MinimumVisualStudioVersion = 10.0.40219.1
Project("{FAE04EC0-301F-11D3-BF4B-00C04F79EFBC}") = "CroweCurrencyConversionAPI", "CroweCurrencyConversionAPI\CroweCurrencyConversionAPI.csproj", "{145DA3B6-2434-47BF-92CB-75C49E9FC5A4}"
EndProject
Project("{FAE04EC0-301F-11D3-BF4B-00C04F79EFBC}") = "CurrencyConverter", "CurrencyConverter\CurrencyConverter.csproj", "{40449AA5-FD18-4BAD-9DC4-526D2F4E3B4B}"
EndProject
Project("{FAE04EC0-301F-11D3-BF4B-00C04F79EFBC}") = "CroweCurrencyConversionAPI.Tests", "CroweCurrencyConversionAPI.Tests\CroweCurrencyConversionAPI.Tests.csproj", "{14D04A1F-9378-42F2-A4FA-14EF1B7A7410}"
EndProject
Global
	GlobalSection(SolutionConfigurationPlatforms) = preSolution
		Debug|Any CPU = Debug|Any CPU
		Release|Any CPU = Release|Any CPU
	EndGlobalSection
	GlobalSection(ProjectConfigurationPlatforms) = postSolution
		{145DA3B6-2434-47BF-92CB-75C49E9FC5A4}.Debug|Any CPU.ActiveCfg = Debug|Any CPU
		{145DA3B6-2434-47BF-92CB-75C49E9FC5A4}.Debug|Any CPU.Build.0 = Debug|Any CPU
		{145DA3B6-2434-47BF-92CB-75C49E9FC5A4}.Release|Any CPU.ActiveCfg = Release|Any CPU
		{145DA3B6-2434-47BF-92CB-75C49E9FC5A4}.Release|Any CPU.Build.0 = Release|Any CPU
		{40449AA5-FD18-4BAD-9DC4-526D2F4E3B4B}.Debug|Any CPU.ActiveCfg = Debug|Any CPU
		{40449AA5-FD18-4BAD-9DC4-526D2F4E3B4B}.Debug|Any CPU.Build.0 = Debug|Any CPU
		{40449AA5-FD18-4BAD-9DC4-526D2F4E3B4B}.Release|Any CPU.ActiveCfg = Release|Any CPU
		{40449AA5-FD18-4BAD-9DC4-526D2F4E3B4B}.Release|Any CPU.Build.0 = Release|Any CPU
		{14D04A1F-9378-42F2-A4FA-14EF1B7A7410}.Debug|Any CPU.ActiveCfg = Debug|Any CPU
		{14D04A1F-9378-42F2-A4FA-14EF1B7A7410}.Debug|Any CPU.Build.0 = Debug|Any CPU
		{14D04A1F-9378-42F2-A4FA-14EF1B7A7410}.Release|Any CPU.ActiveCfg = Release|Any CPU
		{14D04A1F-9378-42F2-A4FA-14EF1B7A7410}.Release|Any CPU.Build.0 = Release|Any CPU
	EndGlobalSection
	GlobalSection(SolutionProperties) = preSolution
		HideSolutionNode = FALSE
	EndGlobalSection
EndGlobal
